
Microsoft Visual Studio Solution File, Format Version 12.00
# Visual Studio Version 16
VisualStudioVersion = 16.0.30406.217
MinimumVisualStudioVersion = 10.0.40219.1
Project("{FAE04EC0-301F-11D3-BF4B-00C04F79EFBC}") = "Module1_SWD", "Module1_SWD\Module1_SWD.csproj", "{BB013C40-45AD-4C7B-9AC7-36DCAD196EBB}"
EndProject
Global
	GlobalSection(SolutionConfigurationPlatforms) = preSolution
		Debug|Any CPU = Debug|Any CPU
		Release|Any CPU = Release|Any CPU
	EndGlobalSection
	GlobalSection(ProjectConfigurationPlatforms) = postSolution
		{BB013C40-45AD-4C7B-9AC7-36DCAD196EBB}.Debug|Any CPU.ActiveCfg = Debug|Any CPU
		{BB013C40-45AD-4C7B-9AC7-36DCAD196EBB}.Debug|Any CPU.Build.0 = Debug|Any CPU
		{BB013C40-45AD-4C7B-9AC7-36DCAD196EBB}.Release|Any CPU.ActiveCfg = Release|Any CPU
		{BB013C40-45AD-4C7B-9AC7-36DCAD196EBB}.Release|Any CPU.Build.0 = Release|Any CPU
	EndGlobalSection
	GlobalSection(SolutionProperties) = preSolution
		HideSolutionNode = FALSE
	EndGlobalSection
	GlobalSection(ExtensibilityGlobals) = postSolution
		SolutionGuid = {526BB688-B464-4D1D-8DD9-28D434AF3ADD}
	EndGlobalSection
EndGlobal
